// !$*UTF8*$!
{
	archiveVersion = 1;
	classes = {
	};
	objectVersion = 56;
	objects = {

/* Begin PBXBuildFile section */
		442ECED928EB9DF200869252 /* AppDelegate.swift in Sources */ = {isa = PBXBuildFile; fileRef = 442ECED828EB9DF200869252 /* AppDelegate.swift */; };
		442ECEDB28EB9DF200869252 /* SceneDelegate.swift in Sources */ = {isa = PBXBuildFile; fileRef = 442ECEDA28EB9DF200869252 /* SceneDelegate.swift */; };
		442ECEDD28EB9DF200869252 /* ViewController.swift in Sources */ = {isa = PBXBuildFile; fileRef = 442ECEDC28EB9DF200869252 /* ViewController.swift */; };
		442ECEE028EB9DF200869252 /* Main.storyboard in Resources */ = {isa = PBXBuildFile; fileRef = 442ECEDE28EB9DF200869252 /* Main.storyboard */; };
		442ECEE228EB9DF300869252 /* Assets.xcassets in Resources */ = {isa = PBXBuildFile; fileRef = 442ECEE128EB9DF300869252 /* Assets.xcassets */; };
		442ECEE528EB9DF300869252 /* LaunchScreen.storyboard in Resources */ = {isa = PBXBuildFile; fileRef = 442ECEE328EB9DF300869252 /* LaunchScreen.storyboard */; };
		442ECEF028EB9DF300869252 /* EditTable3Tests.swift in Sources */ = {isa = PBXBuildFile; fileRef = 442ECEEF28EB9DF300869252 /* EditTable3Tests.swift */; };
		442ECEFA28EB9DF300869252 /* EditTable3UITests.swift in Sources */ = {isa = PBXBuildFile; fileRef = 442ECEF928EB9DF300869252 /* EditTable3UITests.swift */; };
		442ECEFC28EB9DF300869252 /* EditTable3UITestsLaunchTests.swift in Sources */ = {isa = PBXBuildFile; fileRef = 442ECEFB28EB9DF300869252 /* EditTable3UITestsLaunchTests.swift */; };
/* End PBXBuildFile section */

/* Begin PBXContainerItemProxy section */
		442ECEEC28EB9DF300869252 /* PBXContainerItemProxy */ = {
			isa = PBXContainerItemProxy;
			containerPortal = 442ECECD28EB9DF200869252 /* Project object */;
			proxyType = 1;
			remoteGlobalIDString = 442ECED428EB9DF200869252;
			remoteInfo = EditTable3;
		};
		442ECEF628EB9DF300869252 /* PBXContainerItemProxy */ = {
			isa = PBXContainerItemProxy;
			containerPortal = 442ECECD28EB9DF200869252 /* Project object */;
			proxyType = 1;
			remoteGlobalIDString = 442ECED428EB9DF200869252;
			remoteInfo = EditTable3;
		};
/* End PBXContainerItemProxy section */

/* Begin PBXFileReference section */
		442ECED528EB9DF200869252 /* EditTable3.app */ = {isa = PBXFileReference; explicitFileType = wrapper.application; includeInIndex = 0; path = EditTable3.app; sourceTree = BUILT_PRODUCTS_DIR; };
		442ECED828EB9DF200869252 /* AppDelegate.swift */ = {isa = PBXFileReference; lastKnownFileType = sourcecode.swift; path = AppDelegate.swift; sourceTree = "<group>"; };
		442ECEDA28EB9DF200869252 /* SceneDelegate.swift */ = {isa = PBXFileReference; lastKnownFileType = sourcecode.swift; path = SceneDelegate.swift; sourceTree = "<group>"; };
		442ECEDC28EB9DF200869252 /* ViewController.swift */ = {isa = PBXFileReference; lastKnownFileType = sourcecode.swift; path = ViewController.swift; sourceTree = "<group>"; };
		442ECEDF28EB9DF200869252 /* Base */ = {isa = PBXFileReference; lastKnownFileType = file.storyboard; name = Base; path = Base.lproj/Main.storyboard; sourceTree = "<group>"; };
		442ECEE128EB9DF300869252 /* Assets.xcassets */ = {isa = PBXFileReference; lastKnownFileType = folder.assetcatalog; path = Assets.xcassets; sourceTree = "<group>"; };
		442ECEE428EB9DF300869252 /* Base */ = {isa = PBXFileReference; lastKnownFileType = file.storyboard; name = Base; path = Base.lproj/LaunchScreen.storyboard; sourceTree = "<group>"; };
		442ECEE628EB9DF300869252 /* Info.plist */ = {isa = PBXFileReference; lastKnownFileType = text.plist.xml; path = Info.plist; sourceTree = "<group>"; };
		442ECEEB28EB9DF300869252 /* EditTable3Tests.xctest */ = {isa = PBXFileReference; explicitFileType = wrapper.cfbundle; includeInIndex = 0; path = EditTable3Tests.xctest; sourceTree = BUILT_PRODUCTS_DIR; };
		442ECEEF28EB9DF300869252 /* EditTable3Tests.swift */ = {isa = PBXFileReference; lastKnownFileType = sourcecode.swift; path = EditTable3Tests.swift; sourceTree = "<group>"; };
		442ECEF528EB9DF300869252 /* EditTable3UITests.xctest */ = {isa = PBXFileReference; explicitFileType = wrapper.cfbundle; includeInIndex = 0; path = EditTable3UITests.xctest; sourceTree = BUILT_PRODUCTS_DIR; };
		442ECEF928EB9DF300869252 /* EditTable3UITests.swift */ = {isa = PBXFileReference; lastKnownFileType = sourcecode.swift; path = EditTable3UITests.swift; sourceTree = "<group>"; };
		442ECEFB28EB9DF300869252 /* EditTable3UITestsLaunchTests.swift */ = {isa = PBXFileReference; lastKnownFileType = sourcecode.swift; path = EditTable3UITestsLaunchTests.swift; sourceTree = "<group>"; };
/* End PBXFileReference section */

/* Begin PBXFrameworksBuildPhase section */
		442ECED228EB9DF200869252 /* Frameworks */ = {
			isa = PBXFrameworksBuildPhase;
			buildActionMask = 2147483647;
			files = (
			);
			runOnlyForDeploymentPostprocessing = 0;
		};
		442ECEE828EB9DF300869252 /* Frameworks */ = {
			isa = PBXFrameworksBuildPhase;
			buildActionMask = 2147483647;
			files = (
			);
			runOnlyForDeploymentPostprocessing = 0;
		};
		442ECEF228EB9DF300869252 /* Frameworks */ = {
			isa = PBXFrameworksBuildPhase;
			buildActionMask = 2147483647;
			files = (
			);
			runOnlyForDeploymentPostprocessing = 0;
		};
/* End PBXFrameworksBuildPhase section */

/* Begin PBXGroup section */
		442ECECC28EB9DF200869252 = {
			isa = PBXGroup;
			children = (
				442ECED728EB9DF200869252 /* EditTable3 */,
				442ECEEE28EB9DF300869252 /* EditTable3Tests */,
				442ECEF828EB9DF300869252 /* EditTable3UITests */,
				442ECED628EB9DF200869252 /* Products */,
			);
			sourceTree = "<group>";
		};
		442ECED628EB9DF200869252 /* Products */ = {
			isa = PBXGroup;
			children = (
				442ECED528EB9DF200869252 /* EditTable3.app */,
				442ECEEB28EB9DF300869252 /* EditTable3Tests.xctest */,
				442ECEF528EB9DF300869252 /* EditTable3UITests.xctest */,
			);
			name = Products;
			sourceTree = "<group>";
		};
		442ECED728EB9DF200869252 /* EditTable3 */ = {
			isa = PBXGroup;
			children = (
				442ECED828EB9DF200869252 /* AppDelegate.swift */,
				442ECEDA28EB9DF200869252 /* SceneDelegate.swift */,
				442ECEDC28EB9DF200869252 /* ViewController.swift */,
				442ECEDE28EB9DF200869252 /* Main.storyboard */,
				442ECEE128EB9DF300869252 /* Assets.xcassets */,
				442ECEE328EB9DF300869252 /* LaunchScreen.storyboard */,
				442ECEE628EB9DF300869252 /* Info.plist */,
			);
			path = EditTable3;
			sourceTree = "<group>";
		};
		442ECEEE28EB9DF300869252 /* EditTable3Tests */ = {
			isa = PBXGroup;
			children = (
				442ECEEF28EB9DF300869252 /* EditTable3Tests.swift */,
			);
			path = EditTable3Tests;
			sourceTree = "<group>";
		};
		442ECEF828EB9DF300869252 /* EditTable3UITests */ = {
			isa = PBXGroup;
			children = (
				442ECEF928EB9DF300869252 /* EditTable3UITests.swift */,
				442ECEFB28EB9DF300869252 /* EditTable3UITestsLaunchTests.swift */,
			);
			path = EditTable3UITests;
			sourceTree = "<group>";
		};
/* End PBXGroup section */

/* Begin PBXNativeTarget section */
		442ECED428EB9DF200869252 /* EditTable3 */ = {
			isa = PBXNativeTarget;
			buildConfigurationList = 442ECEFF28EB9DF300869252 /* Build configuration list for PBXNativeTarget "EditTable3" */;
			buildPhases = (
				442ECED128EB9DF200869252 /* Sources */,
				442ECED228EB9DF200869252 /* Frameworks */,
				442ECED328EB9DF200869252 /* Resources */,
			);
			buildRules = (
			);
			dependencies = (
			);
			name = EditTable3;
			productName = EditTable3;
			productReference = 442ECED528EB9DF200869252 /* EditTable3.app */;
			productType = "com.apple.product-type.application";
		};
		442ECEEA28EB9DF300869252 /* EditTable3Tests */ = {
			isa = PBXNativeTarget;
			buildConfigurationList = 442ECF0228EB9DF300869252 /* Build configuration list for PBXNativeTarget "EditTable3Tests" */;
			buildPhases = (
				442ECEE728EB9DF300869252 /* Sources */,
				442ECEE828EB9DF300869252 /* Frameworks */,
				442ECEE928EB9DF300869252 /* Resources */,
			);
			buildRules = (
			);
			dependencies = (
				442ECEED28EB9DF300869252 /* PBXTargetDependency */,
			);
			name = EditTable3Tests;
			productName = EditTable3Tests;
			productReference = 442ECEEB28EB9DF300869252 /* EditTable3Tests.xctest */;
			productType = "com.apple.product-type.bundle.unit-test";
		};
		442ECEF428EB9DF300869252 /* EditTable3UITests */ = {
			isa = PBXNativeTarget;
			buildConfigurationList = 442ECF0528EB9DF300869252 /* Build configuration list for PBXNativeTarget "EditTable3UITests" */;
			buildPhases = (
				442ECEF128EB9DF300869252 /* Sources */,
				442ECEF228EB9DF300869252 /* Frameworks */,
				442ECEF328EB9DF300869252 /* Resources */,
			);
			buildRules = (
			);
			dependencies = (
				442ECEF728EB9DF300869252 /* PBXTargetDependency */,
			);
			name = EditTable3UITests;
			productName = EditTable3UITests;
			productReference = 442ECEF528EB9DF300869252 /* EditTable3UITests.xctest */;
			productType = "com.apple.product-type.bundle.ui-testing";
		};
/* End PBXNativeTarget section */

/* Begin PBXProject section */
		442ECECD28EB9DF200869252 /* Project object */ = {
			isa = PBXProject;
			attributes = {
				BuildIndependentTargetsInParallel = 1;
				LastSwiftUpdateCheck = 1400;
				LastUpgradeCheck = 1400;
				TargetAttributes = {
					442ECED428EB9DF200869252 = {
						CreatedOnToolsVersion = 14.0.1;
					};
					442ECEEA28EB9DF300869252 = {
						CreatedOnToolsVersion = 14.0.1;
						TestTargetID = 442ECED428EB9DF200869252;
					};
					442ECEF428EB9DF300869252 = {
						CreatedOnToolsVersion = 14.0.1;
						TestTargetID = 442ECED428EB9DF200869252;
					};
				};
			};
			buildConfigurationList = 442ECED028EB9DF200869252 /* Build configuration list for PBXProject "EditTable3" */;
			compatibilityVersion = "Xcode 14.0";
			developmentRegion = en;
			hasScannedForEncodings = 0;
			knownRegions = (
				en,
				Base,
			);
			mainGroup = 442ECECC28EB9DF200869252;
			productRefGroup = 442ECED628EB9DF200869252 /* Products */;
			projectDirPath = "";
			projectRoot = "";
			targets = (
				442ECED428EB9DF200869252 /* EditTable3 */,
				442ECEEA28EB9DF300869252 /* EditTable3Tests */,
				442ECEF428EB9DF300869252 /* EditTable3UITests */,
			);
		};
/* End PBXProject section */

/* Begin PBXResourcesBuildPhase section */
		442ECED328EB9DF200869252 /* Resources */ = {
			isa = PBXResourcesBuildPhase;
			buildActionMask = 2147483647;
			files = (
				442ECEE528EB9DF300869252 /* LaunchScreen.storyboard in Resources */,
				442ECEE228EB9DF300869252 /* Assets.xcassets in Resources */,
				442ECEE028EB9DF200869252 /* Main.storyboard in Resources */,
			);
			runOnlyForDeploymentPostprocessing = 0;
		};
		442ECEE928EB9DF300869252 /* Resources */ = {
			isa = PBXResourcesBuildPhase;
			buildActionMask = 2147483647;
			files = (
			);
			runOnlyForDeploymentPostprocessing = 0;
		};
		442ECEF328EB9DF300869252 /* Resources */ = {
			isa = PBXResourcesBuildPhase;
			buildActionMask = 2147483647;
			files = (
			);
			runOnlyForDeploymentPostprocessing = 0;
		};
/* End PBXResourcesBuildPhase section */

/* Begin PBXSourcesBuildPhase section */
		442ECED128EB9DF200869252 /* Sources */ = {
			isa = PBXSourcesBuildPhase;
			buildActionMask = 2147483647;
			files = (
				442ECEDD28EB9DF200869252 /* ViewController.swift in Sources */,
				442ECED928EB9DF200869252 /* AppDelegate.swift in Sources */,
				442ECEDB28EB9DF200869252 /* SceneDelegate.swift in Sources */,
			);
			runOnlyForDeploymentPostprocessing = 0;
		};
		442ECEE728EB9DF300869252 /* Sources */ = {
			isa = PBXSourcesBuildPhase;
			buildActionMask = 2147483647;
			files = (
				442ECEF028EB9DF300869252 /* EditTable3Tests.swift in Sources */,
			);
			runOnlyForDeploymentPostprocessing = 0;
		};
		442ECEF128EB9DF300869252 /* Sources */ = {
			isa = PBXSourcesBuildPhase;
			buildActionMask = 2147483647;
			files = (
				442ECEFA28EB9DF300869252 /* EditTable3UITests.swift in Sources */,
				442ECEFC28EB9DF300869252 /* EditTable3UITestsLaunchTests.swift in Sources */,
			);
			runOnlyForDeploymentPostprocessing = 0;
		};
/* End PBXSourcesBuildPhase section */

/* Begin PBXTargetDependency section */
		442ECEED28EB9DF300869252 /* PBXTargetDependency */ = {
			isa = PBXTargetDependency;
			target = 442ECED428EB9DF200869252 /* EditTable3 */;
			targetProxy = 442ECEEC28EB9DF300869252 /* PBXContainerItemProxy */;
		};
		442ECEF728EB9DF300869252 /* PBXTargetDependency */ = {
			isa = PBXTargetDependency;
			target = 442ECED428EB9DF200869252 /* EditTable3 */;
			targetProxy = 442ECEF628EB9DF300869252 /* PBXContainerItemProxy */;
		};
/* End PBXTargetDependency section */

/* Begin PBXVariantGroup section */
		442ECEDE28EB9DF200869252 /* Main.storyboard */ = {
			isa = PBXVariantGroup;
			children = (
				442ECEDF28EB9DF200869252 /* Base */,
			);
			name = Main.storyboard;
			sourceTree = "<group>";
		};
		442ECEE328EB9DF300869252 /* LaunchScreen.storyboard */ = {
			isa = PBXVariantGroup;
			children = (
				442ECEE428EB9DF300869252 /* Base */,
			);
			name = LaunchScreen.storyboard;
			sourceTree = "<group>";
		};
/* End PBXVariantGroup section */

/* Begin XCBuildConfiguration section */
		442ECEFD28EB9DF300869252 /* Debug */ = {
			isa = XCBuildConfiguration;
			buildSettings = {
				ALWAYS_SEARCH_USER_PATHS = NO;
				CLANG_ANALYZER_NONNULL = YES;
				CLANG_ANALYZER_NUMBER_OBJECT_CONVERSION = YES_AGGRESSIVE;
				CLANG_CXX_LANGUAGE_STANDARD = "gnu++20";
				CLANG_ENABLE_MODULES = YES;
				CLANG_ENABLE_OBJC_ARC = YES;
				CLANG_ENABLE_OBJC_WEAK = YES;
				CLANG_WARN_BLOCK_CAPTURE_AUTORELEASING = YES;
				CLANG_WARN_BOOL_CONVERSION = YES;
				CLANG_WARN_COMMA = YES;
				CLANG_WARN_CONSTANT_CONVERSION = YES;
				CLANG_WARN_DEPRECATED_OBJC_IMPLEMENTATIONS = YES;
				CLANG_WARN_DIRECT_OBJC_ISA_USAGE = YES_ERROR;
				CLANG_WARN_DOCUMENTATION_COMMENTS = YES;
				CLANG_WARN_EMPTY_BODY = YES;
				CLANG_WARN_ENUM_CONVERSION = YES;
				CLANG_WARN_INFINITE_RECURSION = YES;
				CLANG_WARN_INT_CONVERSION = YES;
				CLANG_WARN_NON_LITERAL_NULL_CONVERSION = YES;
				CLANG_WARN_OBJC_IMPLICIT_RETAIN_SELF = YES;
				CLANG_WARN_OBJC_LITERAL_CONVERSION = YES;
				CLANG_WARN_OBJC_ROOT_CLASS = YES_ERROR;
				CLANG_WARN_QUOTED_INCLUDE_IN_FRAMEWORK_HEADER = YES;
				CLANG_WARN_RANGE_LOOP_ANALYSIS = YES;
				CLANG_WARN_STRICT_PROTOTYPES = YES;
				CLANG_WARN_SUSPICIOUS_MOVE = YES;
				CLANG_WARN_UNGUARDED_AVAILABILITY = YES_AGGRESSIVE;
				CLANG_WARN_UNREACHABLE_CODE = YES;
				CLANG_WARN__DUPLICATE_METHOD_MATCH = YES;
				COPY_PHASE_STRIP = NO;
				DEBUG_INFORMATION_FORMAT = dwarf;
				ENABLE_STRICT_OBJC_MSGSEND = YES;
				ENABLE_TESTABILITY = YES;
				GCC_C_LANGUAGE_STANDARD = gnu11;
				GCC_DYNAMIC_NO_PIC = NO;
				GCC_NO_COMMON_BLOCKS = YES;
				GCC_OPTIMIZATION_LEVEL = 0;
				GCC_PREPROCESSOR_DEFINITIONS = (
					"DEBUG=1",
					"$(inherited)",
				);
				GCC_WARN_64_TO_32_BIT_CONVERSION = YES;
				GCC_WARN_ABOUT_RETURN_TYPE = YES_ERROR;
				GCC_WARN_UNDECLARED_SELECTOR = YES;
				GCC_WARN_UNINITIALIZED_AUTOS = YES_AGGRESSIVE;
				GCC_WARN_UNUSED_FUNCTION = YES;
				GCC_WARN_UNUSED_VARIABLE = YES;
				IPHONEOS_DEPLOYMENT_TARGET = 16.0;
				MTL_ENABLE_DEBUG_INFO = INCLUDE_SOURCE;
				MTL_FAST_MATH = YES;
				ONLY_ACTIVE_ARCH = YES;
				SDKROOT = iphoneos;
				SWIFT_ACTIVE_COMPILATION_CONDITIONS = DEBUG;
				SWIFT_OPTIMIZATION_LEVEL = "-Onone";
			};
			name = Debug;
		};
		442ECEFE28EB9DF300869252 /* Release */ = {
			isa = XCBuildConfiguration;
			buildSettings = {
				ALWAYS_SEARCH_USER_PATHS = NO;
				CLANG_ANALYZER_NONNULL = YES;
				CLANG_ANALYZER_NUMBER_OBJECT_CONVERSION = YES_AGGRESSIVE;
				CLANG_CXX_LANGUAGE_STANDARD = "gnu++20";
				CLANG_ENABLE_MODULES = YES;
				CLANG_ENABLE_OBJC_ARC = YES;
				CLANG_ENABLE_OBJC_WEAK = YES;
				CLANG_WARN_BLOCK_CAPTURE_AUTORELEASING = YES;
				CLANG_WARN_BOOL_CONVERSION = YES;
				CLANG_WARN_COMMA = YES;
				CLANG_WARN_CONSTANT_CONVERSION = YES;
				CLANG_WARN_DEPRECATED_OBJC_IMPLEMENTATIONS = YES;
				CLANG_WARN_DIRECT_OBJC_ISA_USAGE = YES_ERROR;
				CLANG_WARN_DOCUMENTATION_COMMENTS = YES;
				CLANG_WARN_EMPTY_BODY = YES;
				CLANG_WARN_ENUM_CONVERSION = YES;
				CLANG_WARN_INFINITE_RECURSION = YES;
				CLANG_WARN_INT_CONVERSION = YES;
				CLANG_WARN_NON_LITERAL_NULL_CONVERSION = YES;
				CLANG_WARN_OBJC_IMPLICIT_RETAIN_SELF = YES;
				CLANG_WARN_OBJC_LITERAL_CONVERSION = YES;
				CLANG_WARN_OBJC_ROOT_CLASS = YES_ERROR;
				CLANG_WARN_QUOTED_INCLUDE_IN_FRAMEWORK_HEADER = YES;
				CLANG_WARN_RANGE_LOOP_ANALYSIS = YES;
				CLANG_WARN_STRICT_PROTOTYPES = YES;
				CLANG_WARN_SUSPICIOUS_MOVE = YES;
				CLANG_WARN_UNGUARDED_AVAILABILITY = YES_AGGRESSIVE;
				CLANG_WARN_UNREACHABLE_CODE = YES;
				CLANG_WARN__DUPLICATE_METHOD_MATCH = YES;
				COPY_PHASE_STRIP = NO;
				DEBUG_INFORMATION_FORMAT = "dwarf-with-dsym";
				ENABLE_NS_ASSERTIONS = NO;
				ENABLE_STRICT_OBJC_MSGSEND = YES;
				GCC_C_LANGUAGE_STANDARD = gnu11;
				GCC_NO_COMMON_BLOCKS = YES;
				GCC_WARN_64_TO_32_BIT_CONVERSION = YES;
				GCC_WARN_ABOUT_RETURN_TYPE = YES_ERROR;
				GCC_WARN_UNDECLARED_SELECTOR = YES;
				GCC_WARN_UNINITIALIZED_AUTOS = YES_AGGRESSIVE;
				GCC_WARN_UNUSED_FUNCTION = YES;
				GCC_WARN_UNUSED_VARIABLE = YES;
				IPHONEOS_DEPLOYMENT_TARGET = 16.0;
				MTL_ENABLE_DEBUG_INFO = NO;
				MTL_FAST_MATH = YES;
				SDKROOT = iphoneos;
				SWIFT_COMPILATION_MODE = wholemodule;
				SWIFT_OPTIMIZATION_LEVEL = "-O";
				VALIDATE_PRODUCT = YES;
			};
			name = Release;
		};
		442ECF0028EB9DF300869252 /* Debug */ = {
			isa = XCBuildConfiguration;
			buildSettings = {
				ASSETCATALOG_COMPILER_APPICON_NAME = AppIcon;
				ASSETCATALOG_COMPILER_GLOBAL_ACCENT_COLOR_NAME = AccentColor;
				CODE_SIGN_STYLE = Automatic;
				CURRENT_PROJECT_VERSION = 1;
				DEVELOPMENT_TEAM = ST32TKYR3W;
				GENERATE_INFOPLIST_FILE = YES;
				INFOPLIST_FILE = EditTable3/Info.plist;
				INFOPLIST_KEY_UIApplicationSupportsIndirectInputEvents = YES;
				INFOPLIST_KEY_UILaunchStoryboardName = LaunchScreen;
				INFOPLIST_KEY_UIMainStoryboardFile = Main;
				INFOPLIST_KEY_UISupportedInterfaceOrientations_iPad = "UIInterfaceOrientationPortrait UIInterfaceOrientationPortraitUpsideDown UIInterfaceOrientationLandscapeLeft UIInterfaceOrientationLandscapeRight";
				INFOPLIST_KEY_UISupportedInterfaceOrientations_iPhone = "UIInterfaceOrientationPortrait UIInterfaceOrientationLandscapeLeft UIInterfaceOrientationLandscapeRight";
				LD_RUNPATH_SEARCH_PATHS = (
					"$(inherited)",
					"@executable_path/Frameworks",
				);
				MARKETING_VERSION = 1.0;
				PRODUCT_BUNDLE_IDENTIFIER = comAndrea..EditTable3;
				PRODUCT_NAME = "$(TARGET_NAME)";
				SWIFT_EMIT_LOC_STRINGS = YES;
				SWIFT_VERSION = 5.0;
				TARGETED_DEVICE_FAMILY = "1,2";
			};
			name = Debug;
		};
		442ECF0128EB9DF300869252 /* Release */ = {
			isa = XCBuildConfiguration;
			buildSettings = {
				ASSETCATALOG_COMPILER_APPICON_NAME = AppIcon;
				ASSETCATALOG_COMPILER_GLOBAL_ACCENT_COLOR_NAME = AccentColor;
				CODE_SIGN_STYLE = Automatic;
				CURRENT_PROJECT_VERSION = 1;
				DEVELOPMENT_TEAM = ST32TKYR3W;
				GENERATE_INFOPLIST_FILE = YES;
				INFOPLIST_FILE = EditTable3/Info.plist;
				INFOPLIST_KEY_UIApplicationSupportsIndirectInputEvents = YES;
				INFOPLIST_KEY_UILaunchStoryboardName = LaunchScreen;
				INFOPLIST_KEY_UIMainStoryboardFile = Main;
				INFOPLIST_KEY_UISupportedInterfaceOrientations_iPad = "UIInterfaceOrientationPortrait UIInterfaceOrientationPortraitUpsideDown UIInterfaceOrientationLandscapeLeft UIInterfaceOrientationLandscapeRight";
				INFOPLIST_KEY_UISupportedInterfaceOrientations_iPhone = "UIInterfaceOrientationPortrait UIInterfaceOrientationLandscapeLeft UIInterfaceOrientationLandscapeRight";
				LD_RUNPATH_SEARCH_PATHS = (
					"$(inherited)",
					"@executable_path/Frameworks",
				);
				MARKETING_VERSION = 1.0;
				PRODUCT_BUNDLE_IDENTIFIER = comAndrea..EditTable3;
				PRODUCT_NAME = "$(TARGET_NAME)";
				SWIFT_EMIT_LOC_STRINGS = YES;
				SWIFT_VERSION = 5.0;
				TARGETED_DEVICE_FAMILY = "1,2";
			};
			name = Release;
		};
		442ECF0328EB9DF300869252 /* Debug */ = {
			isa = XCBuildConfiguration;
			buildSettings = {
				ALWAYS_EMBED_SWIFT_STANDARD_LIBRARIES = YES;
				BUNDLE_LOADER = "$(TEST_HOST)";
				CODE_SIGN_STYLE = Automatic;
				CURRENT_PROJECT_VERSION = 1;
				DEVELOPMENT_TEAM = ST32TKYR3W;
				GENERATE_INFOPLIST_FILE = YES;
				IPHONEOS_DEPLOYMENT_TARGET = 16.0;
				MARKETING_VERSION = 1.0;
				PRODUCT_BUNDLE_IDENTIFIER = comAndrea..EditTable3Tests;
				PRODUCT_NAME = "$(TARGET_NAME)";
				SWIFT_EMIT_LOC_STRINGS = NO;
				SWIFT_VERSION = 5.0;
				TARGETED_DEVICE_FAMILY = "1,2";
				TEST_HOST = "$(BUILT_PRODUCTS_DIR)/EditTable3.app/$(BUNDLE_EXECUTABLE_FOLDER_PATH)/EditTable3";
			};
			name = Debug;
		};
		442ECF0428EB9DF300869252 /* Release */ = {
			isa = XCBuildConfiguration;
			buildSettings = {
				ALWAYS_EMBED_SWIFT_STANDARD_LIBRARIES = YES;
				BUNDLE_LOADER = "$(TEST_HOST)";
				CODE_SIGN_STYLE = Automatic;
				CURRENT_PROJECT_VERSION = 1;
				DEVELOPMENT_TEAM = ST32TKYR3W;
				GENERATE_INFOPLIST_FILE = YES;
				IPHONEOS_DEPLOYMENT_TARGET = 16.0;
				MARKETING_VERSION = 1.0;
				PRODUCT_BUNDLE_IDENTIFIER = comAndrea..EditTable3Tests;
				PRODUCT_NAME = "$(TARGET_NAME)";
				SWIFT_EMIT_LOC_STRINGS = NO;
				SWIFT_VERSION = 5.0;
				TARGETED_DEVICE_FAMILY = "1,2";
				TEST_HOST = "$(BUILT_PRODUCTS_DIR)/EditTable3.app/$(BUNDLE_EXECUTABLE_FOLDER_PATH)/EditTable3";
			};
			name = Release;
		};
		442ECF0628EB9DF300869252 /* Debug */ = {
			isa = XCBuildConfiguration;
			buildSettings = {
				ALWAYS_EMBED_SWIFT_STANDARD_LIBRARIES = YES;
				CODE_SIGN_STYLE = Automatic;
				CURRENT_PROJECT_VERSION = 1;
				DEVELOPMENT_TEAM = ST32TKYR3W;
				GENERATE_INFOPLIST_FILE = YES;
				MARKETING_VERSION = 1.0;
				PRODUCT_BUNDLE_IDENTIFIER = comAndrea..EditTable3UITests;
				PRODUCT_NAME = "$(TARGET_NAME)";
				SWIFT_EMIT_LOC_STRINGS = NO;
				SWIFT_VERSION = 5.0;
				TARGETED_DEVICE_FAMILY = "1,2";
				TEST_TARGET_NAME = EditTable3;
			};
			name = Debug;
		};
		442ECF0728EB9DF300869252 /* Release */ = {
			isa = XCBuildConfiguration;
			buildSettings = {
				ALWAYS_EMBED_SWIFT_STANDARD_LIBRARIES = YES;
				CODE_SIGN_STYLE = Automatic;
				CURRENT_PROJECT_VERSION = 1;
				DEVELOPMENT_TEAM = ST32TKYR3W;
				GENERATE_INFOPLIST_FILE = YES;
				MARKETING_VERSION = 1.0;
				PRODUCT_BUNDLE_IDENTIFIER = comAndrea..EditTable3UITests;
				PRODUCT_NAME = "$(TARGET_NAME)";
				SWIFT_EMIT_LOC_STRINGS = NO;
				SWIFT_VERSION = 5.0;
				TARGETED_DEVICE_FAMILY = "1,2";
				TEST_TARGET_NAME = EditTable3;
			};
			name = Release;
		};
/* End XCBuildConfiguration section */

/* Begin XCConfigurationList section */
		442ECED028EB9DF200869252 /* Build configuration list for PBXProject "EditTable3" */ = {
			isa = XCConfigurationList;
			buildConfigurations = (
				442ECEFD28EB9DF300869252 /* Debug */,
				442ECEFE28EB9DF300869252 /* Release */,
			);
			defaultConfigurationIsVisible = 0;
			defaultConfigurationName = Release;
		};
		442ECEFF28EB9DF300869252 /* Build configuration list for PBXNativeTarget "EditTable3" */ = {
			isa = XCConfigurationList;
			buildConfigurations = (
				442ECF0028EB9DF300869252 /* Debug */,
				442ECF0128EB9DF300869252 /* Release */,
			);
			defaultConfigurationIsVisible = 0;
			defaultConfigurationName = Release;
		};
		442ECF0228EB9DF300869252 /* Build configuration list for PBXNativeTarget "EditTable3Tests" */ = {
			isa = XCConfigurationList;
			buildConfigurations = (
				442ECF0328EB9DF300869252 /* Debug */,
				442ECF0428EB9DF300869252 /* Release */,
			);
			defaultConfigurationIsVisible = 0;
			defaultConfigurationName = Release;
		};
		442ECF0528EB9DF300869252 /* Build configuration list for PBXNativeTarget "EditTable3UITests" */ = {
			isa = XCConfigurationList;
			buildConfigurations = (
				442ECF0628EB9DF300869252 /* Debug */,
				442ECF0728EB9DF300869252 /* Release */,
			);
			defaultConfigurationIsVisible = 0;
			defaultConfigurationName = Release;
		};
/* End XCConfigurationList section */
	};
	rootObject = 442ECECD28EB9DF200869252 /* Project object */;
}
